// !$*UTF8*$!
{
	archiveVersion = 1;
	classes = {
	};
	objectVersion = 55;
	objects = {

/* Begin PBXBuildFile section */
		5C4B522875FB7FA5A405A04E /* Pods_iMusic.framework in Frameworks */ = {isa = PBXBuildFile; fileRef = 113794DD3B480C46822FAE15 /* Pods_iMusic.framework */; };
		845C7646286DCFA700316222 /* AppDelegate.swift in Sources */ = {isa = PBXBuildFile; fileRef = 845C7645286DCFA700316222 /* AppDelegate.swift */; };
		845C7648286DCFA700316222 /* SceneDelegate.swift in Sources */ = {isa = PBXBuildFile; fileRef = 845C7647286DCFA700316222 /* SceneDelegate.swift */; };
		845C764A286DCFA700316222 /* ViewController.swift in Sources */ = {isa = PBXBuildFile; fileRef = 845C7649286DCFA700316222 /* ViewController.swift */; };
		845C764D286DCFA700316222 /* Main.storyboard in Resources */ = {isa = PBXBuildFile; fileRef = 845C764B286DCFA700316222 /* Main.storyboard */; };
		845C764F286DCFAA00316222 /* Assets.xcassets in Resources */ = {isa = PBXBuildFile; fileRef = 845C764E286DCFAA00316222 /* Assets.xcassets */; };
		845C7652286DCFAA00316222 /* LaunchScreen.storyboard in Resources */ = {isa = PBXBuildFile; fileRef = 845C7650286DCFAA00316222 /* LaunchScreen.storyboard */; };
		845C765A286DD04800316222 /* MainTabBarController.swift in Sources */ = {isa = PBXBuildFile; fileRef = 845C7659286DD04800316222 /* MainTabBarController.swift */; };
		845C765C286DD1FC00316222 /* SearchMusicViewController.swift in Sources */ = {isa = PBXBuildFile; fileRef = 845C765B286DD1FB00316222 /* SearchMusicViewController.swift */; };
		845C765E286DE25800316222 /* TrackModel.swift in Sources */ = {isa = PBXBuildFile; fileRef = 845C765D286DE25700316222 /* TrackModel.swift */; };
		845C7660286DF28F00316222 /* SearchResponse.swift in Sources */ = {isa = PBXBuildFile; fileRef = 845C765F286DF28F00316222 /* SearchResponse.swift */; };
		845C7662286E241D00316222 /* NetworkService.swift in Sources */ = {isa = PBXBuildFile; fileRef = 845C7661286E241D00316222 /* NetworkService.swift */; };
		848DD531286E2BFD00161987 /* SearchPresenter.swift in Sources */ = {isa = PBXBuildFile; fileRef = 848DD52A286E2BFD00161987 /* SearchPresenter.swift */; };
		848DD532286E2BFD00161987 /* SearchWorker.swift in Sources */ = {isa = PBXBuildFile; fileRef = 848DD52B286E2BFD00161987 /* SearchWorker.swift */; };
		848DD533286E2BFD00161987 /* SearchRouter.swift in Sources */ = {isa = PBXBuildFile; fileRef = 848DD52C286E2BFD00161987 /* SearchRouter.swift */; };
		848DD534286E2BFD00161987 /* SearchModels.swift in Sources */ = {isa = PBXBuildFile; fileRef = 848DD52D286E2BFD00161987 /* SearchModels.swift */; };
		848DD535286E2BFD00161987 /* SearchViewController.swift in Sources */ = {isa = PBXBuildFile; fileRef = 848DD52E286E2BFD00161987 /* SearchViewController.swift */; };
		848DD536286E2BFD00161987 /* SearchInteractor.swift in Sources */ = {isa = PBXBuildFile; fileRef = 848DD52F286E2BFD00161987 /* SearchInteractor.swift */; };
		848DD539286E2D1F00161987 /* SearchViewController.storyboard in Resources */ = {isa = PBXBuildFile; fileRef = 848DD538286E2D1F00161987 /* SearchViewController.storyboard */; };
		848DD53B286E30D500161987 /* UIViewController + Storyboard.swift in Sources */ = {isa = PBXBuildFile; fileRef = 848DD53A286E30D500161987 /* UIViewController + Storyboard.swift */; };
		848DD53F286F085F00161987 /* TrackCell.xib in Resources */ = {isa = PBXBuildFile; fileRef = 848DD53E286F085F00161987 /* TrackCell.xib */; };
		848DD541286F08C100161987 /* TrackCell.swift in Sources */ = {isa = PBXBuildFile; fileRef = 848DD540286F08C100161987 /* TrackCell.swift */; };
/* End PBXBuildFile section */

/* Begin PBXFileReference section */
		113794DD3B480C46822FAE15 /* Pods_iMusic.framework */ = {isa = PBXFileReference; explicitFileType = wrapper.framework; includeInIndex = 0; path = Pods_iMusic.framework; sourceTree = BUILT_PRODUCTS_DIR; };
		3F069BCDD549558C285594F7 /* Pods-iMusic.release.xcconfig */ = {isa = PBXFileReference; includeInIndex = 1; lastKnownFileType = text.xcconfig; name = "Pods-iMusic.release.xcconfig"; path = "Target Support Files/Pods-iMusic/Pods-iMusic.release.xcconfig"; sourceTree = "<group>"; };
		845C7642286DCFA700316222 /* iMusic.app */ = {isa = PBXFileReference; explicitFileType = wrapper.application; includeInIndex = 0; path = iMusic.app; sourceTree = BUILT_PRODUCTS_DIR; };
		845C7645286DCFA700316222 /* AppDelegate.swift */ = {isa = PBXFileReference; lastKnownFileType = sourcecode.swift; path = AppDelegate.swift; sourceTree = "<group>"; };
		845C7647286DCFA700316222 /* SceneDelegate.swift */ = {isa = PBXFileReference; lastKnownFileType = sourcecode.swift; path = SceneDelegate.swift; sourceTree = "<group>"; };
		845C7649286DCFA700316222 /* ViewController.swift */ = {isa = PBXFileReference; lastKnownFileType = sourcecode.swift; path = ViewController.swift; sourceTree = "<group>"; };
		845C764C286DCFA700316222 /* Base */ = {isa = PBXFileReference; lastKnownFileType = file.storyboard; name = Base; path = Base.lproj/Main.storyboard; sourceTree = "<group>"; };
		845C764E286DCFAA00316222 /* Assets.xcassets */ = {isa = PBXFileReference; lastKnownFileType = folder.assetcatalog; path = Assets.xcassets; sourceTree = "<group>"; };
		845C7651286DCFAA00316222 /* Base */ = {isa = PBXFileReference; lastKnownFileType = file.storyboard; name = Base; path = Base.lproj/LaunchScreen.storyboard; sourceTree = "<group>"; };
		845C7653286DCFAA00316222 /* Info.plist */ = {isa = PBXFileReference; lastKnownFileType = text.plist.xml; path = Info.plist; sourceTree = "<group>"; };
		845C7659286DD04800316222 /* MainTabBarController.swift */ = {isa = PBXFileReference; lastKnownFileType = sourcecode.swift; path = MainTabBarController.swift; sourceTree = "<group>"; };
		845C765B286DD1FB00316222 /* SearchMusicViewController.swift */ = {isa = PBXFileReference; lastKnownFileType = sourcecode.swift; path = SearchMusicViewController.swift; sourceTree = "<group>"; };
		845C765D286DE25700316222 /* TrackModel.swift */ = {isa = PBXFileReference; lastKnownFileType = sourcecode.swift; path = TrackModel.swift; sourceTree = "<group>"; };
		845C765F286DF28F00316222 /* SearchResponse.swift */ = {isa = PBXFileReference; lastKnownFileType = sourcecode.swift; path = SearchResponse.swift; sourceTree = "<group>"; };
		845C7661286E241D00316222 /* NetworkService.swift */ = {isa = PBXFileReference; lastKnownFileType = sourcecode.swift; path = NetworkService.swift; sourceTree = "<group>"; };
		848DD52A286E2BFD00161987 /* SearchPresenter.swift */ = {isa = PBXFileReference; lastKnownFileType = sourcecode.swift; path = SearchPresenter.swift; sourceTree = "<group>"; };
		848DD52B286E2BFD00161987 /* SearchWorker.swift */ = {isa = PBXFileReference; lastKnownFileType = sourcecode.swift; path = SearchWorker.swift; sourceTree = "<group>"; };
		848DD52C286E2BFD00161987 /* SearchRouter.swift */ = {isa = PBXFileReference; lastKnownFileType = sourcecode.swift; path = SearchRouter.swift; sourceTree = "<group>"; };
		848DD52D286E2BFD00161987 /* SearchModels.swift */ = {isa = PBXFileReference; lastKnownFileType = sourcecode.swift; path = SearchModels.swift; sourceTree = "<group>"; };
		848DD52E286E2BFD00161987 /* SearchViewController.swift */ = {isa = PBXFileReference; lastKnownFileType = sourcecode.swift; path = SearchViewController.swift; sourceTree = "<group>"; };
		848DD52F286E2BFD00161987 /* SearchInteractor.swift */ = {isa = PBXFileReference; lastKnownFileType = sourcecode.swift; path = SearchInteractor.swift; sourceTree = "<group>"; };
		848DD538286E2D1F00161987 /* SearchViewController.storyboard */ = {isa = PBXFileReference; lastKnownFileType = file.storyboard; path = SearchViewController.storyboard; sourceTree = "<group>"; };
		848DD53A286E30D500161987 /* UIViewController + Storyboard.swift */ = {isa = PBXFileReference; lastKnownFileType = sourcecode.swift; path = "UIViewController + Storyboard.swift"; sourceTree = "<group>"; };
		848DD53E286F085F00161987 /* TrackCell.xib */ = {isa = PBXFileReference; lastKnownFileType = file.xib; path = TrackCell.xib; sourceTree = "<group>"; };
		848DD540286F08C100161987 /* TrackCell.swift */ = {isa = PBXFileReference; lastKnownFileType = sourcecode.swift; path = TrackCell.swift; sourceTree = "<group>"; };
		F181EC3707C00D3128E3A631 /* Pods-iMusic.debug.xcconfig */ = {isa = PBXFileReference; includeInIndex = 1; lastKnownFileType = text.xcconfig; name = "Pods-iMusic.debug.xcconfig"; path = "Target Support Files/Pods-iMusic/Pods-iMusic.debug.xcconfig"; sourceTree = "<group>"; };
/* End PBXFileReference section */

/* Begin PBXFrameworksBuildPhase section */
		845C763F286DCFA700316222 /* Frameworks */ = {
			isa = PBXFrameworksBuildPhase;
			buildActionMask = 2147483647;
			files = (
				5C4B522875FB7FA5A405A04E /* Pods_iMusic.framework in Frameworks */,
			);
			runOnlyForDeploymentPostprocessing = 0;
		};
/* End PBXFrameworksBuildPhase section */

/* Begin PBXGroup section */
		8002D62DADB3FF661AB8F535 /* Pods */ = {
			isa = PBXGroup;
			children = (
				F181EC3707C00D3128E3A631 /* Pods-iMusic.debug.xcconfig */,
				3F069BCDD549558C285594F7 /* Pods-iMusic.release.xcconfig */,
			);
			path = Pods;
			sourceTree = "<group>";
		};
		845C7639286DCFA700316222 = {
			isa = PBXGroup;
			children = (
				845C7644286DCFA700316222 /* iMusic */,
				845C7643286DCFA700316222 /* Products */,
				8002D62DADB3FF661AB8F535 /* Pods */,
				A866D5186EA2618334EB8C27 /* Frameworks */,
			);
			sourceTree = "<group>";
		};
		845C7643286DCFA700316222 /* Products */ = {
			isa = PBXGroup;
			children = (
				845C7642286DCFA700316222 /* iMusic.app */,
			);
			name = Products;
			sourceTree = "<group>";
		};
		845C7644286DCFA700316222 /* iMusic */ = {
			isa = PBXGroup;
			children = (
				845C7645286DCFA700316222 /* AppDelegate.swift */,
				845C7647286DCFA700316222 /* SceneDelegate.swift */,
				845C7659286DD04800316222 /* MainTabBarController.swift */,
				848DD529286E2B5400161987 /* Services */,
				848DD51A286E2AD800161987 /* Search */,
				848DD53C286E30E500161987 /* Helpers */,
				845C7649286DCFA700316222 /* ViewController.swift */,
				845C765B286DD1FB00316222 /* SearchMusicViewController.swift */,
				845C765D286DE25700316222 /* TrackModel.swift */,
				845C764B286DCFA700316222 /* Main.storyboard */,
				845C764E286DCFAA00316222 /* Assets.xcassets */,
				845C7650286DCFAA00316222 /* LaunchScreen.storyboard */,
				845C7653286DCFAA00316222 /* Info.plist */,
			);
			path = iMusic;
			sourceTree = "<group>";
		};
		848DD51A286E2AD800161987 /* Search */ = {
			isa = PBXGroup;
			children = (
				848DD53D286F00CD00161987 /* Cell */,
				848DD538286E2D1F00161987 /* SearchViewController.storyboard */,
				848DD52E286E2BFD00161987 /* SearchViewController.swift */,
				848DD52F286E2BFD00161987 /* SearchInteractor.swift */,
				848DD52A286E2BFD00161987 /* SearchPresenter.swift */,
				848DD52D286E2BFD00161987 /* SearchModels.swift */,
				848DD52B286E2BFD00161987 /* SearchWorker.swift */,
				848DD52C286E2BFD00161987 /* SearchRouter.swift */,
			);
			path = Search;
			sourceTree = "<group>";
		};
		848DD529286E2B5400161987 /* Services */ = {
			isa = PBXGroup;
			children = (
				848DD542286F107400161987 /* Models */,
				845C7661286E241D00316222 /* NetworkService.swift */,
			);
			path = Services;
			sourceTree = "<group>";
		};
		848DD53C286E30E500161987 /* Helpers */ = {
			isa = PBXGroup;
			children = (
				848DD53A286E30D500161987 /* UIViewController + Storyboard.swift */,
			);
			path = Helpers;
			sourceTree = "<group>";
		};
		848DD53D286F00CD00161987 /* Cell */ = {
			isa = PBXGroup;
			children = (
				848DD53E286F085F00161987 /* TrackCell.xib */,
				848DD540286F08C100161987 /* TrackCell.swift */,
			);
			path = Cell;
			sourceTree = "<group>";
		};
		848DD542286F107400161987 /* Models */ = {
			isa = PBXGroup;
			children = (
				845C765F286DF28F00316222 /* SearchResponse.swift */,
			);
			path = Models;
			sourceTree = "<group>";
		};
		A866D5186EA2618334EB8C27 /* Frameworks */ = {
			isa = PBXGroup;
			children = (
				113794DD3B480C46822FAE15 /* Pods_iMusic.framework */,
			);
			name = Frameworks;
			sourceTree = "<group>";
		};
/* End PBXGroup section */

/* Begin PBXNativeTarget section */
		845C7641286DCFA700316222 /* iMusic */ = {
			isa = PBXNativeTarget;
			buildConfigurationList = 845C7656286DCFAA00316222 /* Build configuration list for PBXNativeTarget "iMusic" */;
			buildPhases = (
				A3392C5387EC63201A7835FD /* [CP] Check Pods Manifest.lock */,
				845C763E286DCFA700316222 /* Sources */,
				845C763F286DCFA700316222 /* Frameworks */,
				845C7640286DCFA700316222 /* Resources */,
				8C91346B03677786B7EDF8B8 /* [CP] Embed Pods Frameworks */,
			);
			buildRules = (
			);
			dependencies = (
			);
			name = iMusic;
			productName = iMusic;
			productReference = 845C7642286DCFA700316222 /* iMusic.app */;
			productType = "com.apple.product-type.application";
		};
/* End PBXNativeTarget section */

/* Begin PBXProject section */
		845C763A286DCFA700316222 /* Project object */ = {
			isa = PBXProject;
			attributes = {
				BuildIndependentTargetsInParallel = 1;
				LastSwiftUpdateCheck = 1340;
				LastUpgradeCheck = 1340;
				TargetAttributes = {
					845C7641286DCFA700316222 = {
						CreatedOnToolsVersion = 13.4;
					};
				};
			};
			buildConfigurationList = 845C763D286DCFA700316222 /* Build configuration list for PBXProject "iMusic" */;
			compatibilityVersion = "Xcode 13.0";
			developmentRegion = en;
			hasScannedForEncodings = 0;
			knownRegions = (
				en,
				Base,
			);
			mainGroup = 845C7639286DCFA700316222;
			productRefGroup = 845C7643286DCFA700316222 /* Products */;
			projectDirPath = "";
			projectRoot = "";
			targets = (
				845C7641286DCFA700316222 /* iMusic */,
			);
		};
/* End PBXProject section */

/* Begin PBXResourcesBuildPhase section */
		845C7640286DCFA700316222 /* Resources */ = {
			isa = PBXResourcesBuildPhase;
			buildActionMask = 2147483647;
			files = (
				845C7652286DCFAA00316222 /* LaunchScreen.storyboard in Resources */,
				848DD53F286F085F00161987 /* TrackCell.xib in Resources */,
				845C764F286DCFAA00316222 /* Assets.xcassets in Resources */,
				848DD539286E2D1F00161987 /* SearchViewController.storyboard in Resources */,
				845C764D286DCFA700316222 /* Main.storyboard in Resources */,
			);
			runOnlyForDeploymentPostprocessing = 0;
		};
/* End PBXResourcesBuildPhase section */

/* Begin PBXShellScriptBuildPhase section */
		8C91346B03677786B7EDF8B8 /* [CP] Embed Pods Frameworks */ = {
			isa = PBXShellScriptBuildPhase;
			buildActionMask = 2147483647;
			files = (
			);
			inputFileListPaths = (
				"${PODS_ROOT}/Target Support Files/Pods-iMusic/Pods-iMusic-frameworks-${CONFIGURATION}-input-files.xcfilelist",
			);
			name = "[CP] Embed Pods Frameworks";
			outputFileListPaths = (
				"${PODS_ROOT}/Target Support Files/Pods-iMusic/Pods-iMusic-frameworks-${CONFIGURATION}-output-files.xcfilelist",
			);
			runOnlyForDeploymentPostprocessing = 0;
			shellPath = /bin/sh;
			shellScript = "\"${PODS_ROOT}/Target Support Files/Pods-iMusic/Pods-iMusic-frameworks.sh\"\n";
			showEnvVarsInLog = 0;
		};
		A3392C5387EC63201A7835FD /* [CP] Check Pods Manifest.lock */ = {
			isa = PBXShellScriptBuildPhase;
			buildActionMask = 2147483647;
			files = (
			);
			inputFileListPaths = (
			);
			inputPaths = (
				"${PODS_PODFILE_DIR_PATH}/Podfile.lock",
				"${PODS_ROOT}/Manifest.lock",
			);
			name = "[CP] Check Pods Manifest.lock";
			outputFileListPaths = (
			);
			outputPaths = (
				"$(DERIVED_FILE_DIR)/Pods-iMusic-checkManifestLockResult.txt",
			);
			runOnlyForDeploymentPostprocessing = 0;
			shellPath = /bin/sh;
			shellScript = "diff \"${PODS_PODFILE_DIR_PATH}/Podfile.lock\" \"${PODS_ROOT}/Manifest.lock\" > /dev/null\nif [ $? != 0 ] ; then\n    # print error to STDERR\n    echo \"error: The sandbox is not in sync with the Podfile.lock. Run 'pod install' or update your CocoaPods installation.\" >&2\n    exit 1\nfi\n# This output is used by Xcode 'outputs' to avoid re-running this script phase.\necho \"SUCCESS\" > \"${SCRIPT_OUTPUT_FILE_0}\"\n";
			showEnvVarsInLog = 0;
		};
/* End PBXShellScriptBuildPhase section */

/* Begin PBXSourcesBuildPhase section */
		845C763E286DCFA700316222 /* Sources */ = {
			isa = PBXSourcesBuildPhase;
			buildActionMask = 2147483647;
			files = (
				845C7660286DF28F00316222 /* SearchResponse.swift in Sources */,
				848DD532286E2BFD00161987 /* SearchWorker.swift in Sources */,
				848DD533286E2BFD00161987 /* SearchRouter.swift in Sources */,
				845C764A286DCFA700316222 /* ViewController.swift in Sources */,
				848DD531286E2BFD00161987 /* SearchPresenter.swift in Sources */,
				845C7662286E241D00316222 /* NetworkService.swift in Sources */,
				848DD53B286E30D500161987 /* UIViewController + Storyboard.swift in Sources */,
				848DD536286E2BFD00161987 /* SearchInteractor.swift in Sources */,
				845C765E286DE25800316222 /* TrackModel.swift in Sources */,
				845C7646286DCFA700316222 /* AppDelegate.swift in Sources */,
				848DD535286E2BFD00161987 /* SearchViewController.swift in Sources */,
				845C765C286DD1FC00316222 /* SearchMusicViewController.swift in Sources */,
				845C765A286DD04800316222 /* MainTabBarController.swift in Sources */,
				845C7648286DCFA700316222 /* SceneDelegate.swift in Sources */,
				848DD534286E2BFD00161987 /* SearchModels.swift in Sources */,
				848DD541286F08C100161987 /* TrackCell.swift in Sources */,
			);
			runOnlyForDeploymentPostprocessing = 0;
		};
/* End PBXSourcesBuildPhase section */

/* Begin PBXVariantGroup section */
		845C764B286DCFA700316222 /* Main.storyboard */ = {
			isa = PBXVariantGroup;
			children = (
				845C764C286DCFA700316222 /* Base */,
			);
			name = Main.storyboard;
			sourceTree = "<group>";
		};
		845C7650286DCFAA00316222 /* LaunchScreen.storyboard */ = {
			isa = PBXVariantGroup;
			children = (
				845C7651286DCFAA00316222 /* Base */,
			);
			name = LaunchScreen.storyboard;
			sourceTree = "<group>";
		};
/* End PBXVariantGroup section */

/* Begin XCBuildConfiguration section */
		845C7654286DCFAA00316222 /* Debug */ = {
			isa = XCBuildConfiguration;
			buildSettings = {
				ALWAYS_SEARCH_USER_PATHS = NO;
				CLANG_ANALYZER_NONNULL = YES;
				CLANG_ANALYZER_NUMBER_OBJECT_CONVERSION = YES_AGGRESSIVE;
				CLANG_CXX_LANGUAGE_STANDARD = "gnu++17";
				CLANG_ENABLE_MODULES = YES;
				CLANG_ENABLE_OBJC_ARC = YES;
				CLANG_ENABLE_OBJC_WEAK = YES;
				CLANG_WARN_BLOCK_CAPTURE_AUTORELEASING = YES;
				CLANG_WARN_BOOL_CONVERSION = YES;
				CLANG_WARN_COMMA = YES;
				CLANG_WARN_CONSTANT_CONVERSION = YES;
				CLANG_WARN_DEPRECATED_OBJC_IMPLEMENTATIONS = YES;
				CLANG_WARN_DIRECT_OBJC_ISA_USAGE = YES_ERROR;
				CLANG_WARN_DOCUMENTATION_COMMENTS = YES;
				CLANG_WARN_EMPTY_BODY = YES;
				CLANG_WARN_ENUM_CONVERSION = YES;
				CLANG_WARN_INFINITE_RECURSION = YES;
				CLANG_WARN_INT_CONVERSION = YES;
				CLANG_WARN_NON_LITERAL_NULL_CONVERSION = YES;
				CLANG_WARN_OBJC_IMPLICIT_RETAIN_SELF = YES;
				CLANG_WARN_OBJC_LITERAL_CONVERSION = YES;
				CLANG_WARN_OBJC_ROOT_CLASS = YES_ERROR;
				CLANG_WARN_QUOTED_INCLUDE_IN_FRAMEWORK_HEADER = YES;
				CLANG_WARN_RANGE_LOOP_ANALYSIS = YES;
				CLANG_WARN_STRICT_PROTOTYPES = YES;
				CLANG_WARN_SUSPICIOUS_MOVE = YES;
				CLANG_WARN_UNGUARDED_AVAILABILITY = YES_AGGRESSIVE;
				CLANG_WARN_UNREACHABLE_CODE = YES;
				CLANG_WARN__DUPLICATE_METHOD_MATCH = YES;
				COPY_PHASE_STRIP = NO;
				DEBUG_INFORMATION_FORMAT = dwarf;
				ENABLE_STRICT_OBJC_MSGSEND = YES;
				ENABLE_TESTABILITY = YES;
				GCC_C_LANGUAGE_STANDARD = gnu11;
				GCC_DYNAMIC_NO_PIC = NO;
				GCC_NO_COMMON_BLOCKS = YES;
				GCC_OPTIMIZATION_LEVEL = 0;
				GCC_PREPROCESSOR_DEFINITIONS = (
					"DEBUG=1",
					"$(inherited)",
				);
				GCC_WARN_64_TO_32_BIT_CONVERSION = YES;
				GCC_WARN_ABOUT_RETURN_TYPE = YES_ERROR;
				GCC_WARN_UNDECLARED_SELECTOR = YES;
				GCC_WARN_UNINITIALIZED_AUTOS = YES_AGGRESSIVE;
				GCC_WARN_UNUSED_FUNCTION = YES;
				GCC_WARN_UNUSED_VARIABLE = YES;
				IPHONEOS_DEPLOYMENT_TARGET = 15.5;
				MTL_ENABLE_DEBUG_INFO = INCLUDE_SOURCE;
				MTL_FAST_MATH = YES;
				ONLY_ACTIVE_ARCH = YES;
				SDKROOT = iphoneos;
				SWIFT_ACTIVE_COMPILATION_CONDITIONS = DEBUG;
				SWIFT_OPTIMIZATION_LEVEL = "-Onone";
			};
			name = Debug;
		};
		845C7655286DCFAA00316222 /* Release */ = {
			isa = XCBuildConfiguration;
			buildSettings = {
				ALWAYS_SEARCH_USER_PATHS = NO;
				CLANG_ANALYZER_NONNULL = YES;
				CLANG_ANALYZER_NUMBER_OBJECT_CONVERSION = YES_AGGRESSIVE;
				CLANG_CXX_LANGUAGE_STANDARD = "gnu++17";
				CLANG_ENABLE_MODULES = YES;
				CLANG_ENABLE_OBJC_ARC = YES;
				CLANG_ENABLE_OBJC_WEAK = YES;
				CLANG_WARN_BLOCK_CAPTURE_AUTORELEASING = YES;
				CLANG_WARN_BOOL_CONVERSION = YES;
				CLANG_WARN_COMMA = YES;
				CLANG_WARN_CONSTANT_CONVERSION = YES;
				CLANG_WARN_DEPRECATED_OBJC_IMPLEMENTATIONS = YES;
				CLANG_WARN_DIRECT_OBJC_ISA_USAGE = YES_ERROR;
				CLANG_WARN_DOCUMENTATION_COMMENTS = YES;
				CLANG_WARN_EMPTY_BODY = YES;
				CLANG_WARN_ENUM_CONVERSION = YES;
				CLANG_WARN_INFINITE_RECURSION = YES;
				CLANG_WARN_INT_CONVERSION = YES;
				CLANG_WARN_NON_LITERAL_NULL_CONVERSION = YES;
				CLANG_WARN_OBJC_IMPLICIT_RETAIN_SELF = YES;
				CLANG_WARN_OBJC_LITERAL_CONVERSION = YES;
				CLANG_WARN_OBJC_ROOT_CLASS = YES_ERROR;
				CLANG_WARN_QUOTED_INCLUDE_IN_FRAMEWORK_HEADER = YES;
				CLANG_WARN_RANGE_LOOP_ANALYSIS = YES;
				CLANG_WARN_STRICT_PROTOTYPES = YES;
				CLANG_WARN_SUSPICIOUS_MOVE = YES;
				CLANG_WARN_UNGUARDED_AVAILABILITY = YES_AGGRESSIVE;
				CLANG_WARN_UNREACHABLE_CODE = YES;
				CLANG_WARN__DUPLICATE_METHOD_MATCH = YES;
				COPY_PHASE_STRIP = NO;
				DEBUG_INFORMATION_FORMAT = "dwarf-with-dsym";
				ENABLE_NS_ASSERTIONS = NO;
				ENABLE_STRICT_OBJC_MSGSEND = YES;
				GCC_C_LANGUAGE_STANDARD = gnu11;
				GCC_NO_COMMON_BLOCKS = YES;
				GCC_WARN_64_TO_32_BIT_CONVERSION = YES;
				GCC_WARN_ABOUT_RETURN_TYPE = YES_ERROR;
				GCC_WARN_UNDECLARED_SELECTOR = YES;
				GCC_WARN_UNINITIALIZED_AUTOS = YES_AGGRESSIVE;
				GCC_WARN_UNUSED_FUNCTION = YES;
				GCC_WARN_UNUSED_VARIABLE = YES;
				IPHONEOS_DEPLOYMENT_TARGET = 15.5;
				MTL_ENABLE_DEBUG_INFO = NO;
				MTL_FAST_MATH = YES;
				SDKROOT = iphoneos;
				SWIFT_COMPILATION_MODE = wholemodule;
				SWIFT_OPTIMIZATION_LEVEL = "-O";
				VALIDATE_PRODUCT = YES;
			};
			name = Release;
		};
		845C7657286DCFAA00316222 /* Debug */ = {
			isa = XCBuildConfiguration;
			baseConfigurationReference = F181EC3707C00D3128E3A631 /* Pods-iMusic.debug.xcconfig */;
			buildSettings = {
				ASSETCATALOG_COMPILER_APPICON_NAME = AppIcon;
				ASSETCATALOG_COMPILER_GLOBAL_ACCENT_COLOR_NAME = AccentColor;
				CODE_SIGN_STYLE = Automatic;
				CURRENT_PROJECT_VERSION = 1;
				DEVELOPMENT_TEAM = 9Y94J8V38R;
				GENERATE_INFOPLIST_FILE = YES;
				INFOPLIST_FILE = iMusic/Info.plist;
				INFOPLIST_KEY_UIApplicationSupportsIndirectInputEvents = YES;
				INFOPLIST_KEY_UILaunchStoryboardName = LaunchScreen;
				INFOPLIST_KEY_UIMainStoryboardFile = Main;
				INFOPLIST_KEY_UISupportedInterfaceOrientations_iPad = "UIInterfaceOrientationPortrait UIInterfaceOrientationPortraitUpsideDown UIInterfaceOrientationLandscapeLeft UIInterfaceOrientationLandscapeRight";
				INFOPLIST_KEY_UISupportedInterfaceOrientations_iPhone = "UIInterfaceOrientationPortrait UIInterfaceOrientationLandscapeLeft UIInterfaceOrientationLandscapeRight";
				LD_RUNPATH_SEARCH_PATHS = (
					"$(inherited)",
					"@executable_path/Frameworks",
				);
				MARKETING_VERSION = 1.0;
				PRODUCT_BUNDLE_IDENTIFIER = com.AlelsandrVorobey.iMusic;
				PRODUCT_NAME = "$(TARGET_NAME)";
				SWIFT_EMIT_LOC_STRINGS = YES;
				SWIFT_VERSION = 5.0;
				TARGETED_DEVICE_FAMILY = "1,2";
			};
			name = Debug;
		};
		845C7658286DCFAA00316222 /* Release */ = {
			isa = XCBuildConfiguration;
			baseConfigurationReference = 3F069BCDD549558C285594F7 /* Pods-iMusic.release.xcconfig */;
			buildSettings = {
				ASSETCATALOG_COMPILER_APPICON_NAME = AppIcon;
				ASSETCATALOG_COMPILER_GLOBAL_ACCENT_COLOR_NAME = AccentColor;
				CODE_SIGN_STYLE = Automatic;
				CURRENT_PROJECT_VERSION = 1;
				DEVELOPMENT_TEAM = 9Y94J8V38R;
				GENERATE_INFOPLIST_FILE = YES;
				INFOPLIST_FILE = iMusic/Info.plist;
				INFOPLIST_KEY_UIApplicationSupportsIndirectInputEvents = YES;
				INFOPLIST_KEY_UILaunchStoryboardName = LaunchScreen;
				INFOPLIST_KEY_UIMainStoryboardFile = Main;
				INFOPLIST_KEY_UISupportedInterfaceOrientations_iPad = "UIInterfaceOrientationPortrait UIInterfaceOrientationPortraitUpsideDown UIInterfaceOrientationLandscapeLeft UIInterfaceOrientationLandscapeRight";
				INFOPLIST_KEY_UISupportedInterfaceOrientations_iPhone = "UIInterfaceOrientationPortrait UIInterfaceOrientationLandscapeLeft UIInterfaceOrientationLandscapeRight";
				LD_RUNPATH_SEARCH_PATHS = (
					"$(inherited)",
					"@executable_path/Frameworks",
				);
				MARKETING_VERSION = 1.0;
				PRODUCT_BUNDLE_IDENTIFIER = com.AlelsandrVorobey.iMusic;
				PRODUCT_NAME = "$(TARGET_NAME)";
				SWIFT_EMIT_LOC_STRINGS = YES;
				SWIFT_VERSION = 5.0;
				TARGETED_DEVICE_FAMILY = "1,2";
			};
			name = Release;
		};
/* End XCBuildConfiguration section */

/* Begin XCConfigurationList section */
		845C763D286DCFA700316222 /* Build configuration list for PBXProject "iMusic" */ = {
			isa = XCConfigurationList;
			buildConfigurations = (
				845C7654286DCFAA00316222 /* Debug */,
				845C7655286DCFAA00316222 /* Release */,
			);
			defaultConfigurationIsVisible = 0;
			defaultConfigurationName = Release;
		};
		845C7656286DCFAA00316222 /* Build configuration list for PBXNativeTarget "iMusic" */ = {
			isa = XCConfigurationList;
			buildConfigurations = (
				845C7657286DCFAA00316222 /* Debug */,
				845C7658286DCFAA00316222 /* Release */,
			);
			defaultConfigurationIsVisible = 0;
			defaultConfigurationName = Release;
		};
/* End XCConfigurationList section */
	};
	rootObject = 845C763A286DCFA700316222 /* Project object */;
}
